// !$*UTF8*$!
{
	archiveVersion = 1;
	classes = {
	};
	objectVersion = 50;
	objects = {

/* Begin PBXBuildFile section */
		D385B0D289B28830B1B5E982 /* libPods-YBTool.a in Frameworks */ = {isa = PBXBuildFile; fileRef = 6403E9E0A1566F03BAC53098 /* libPods-YBTool.a */; };
		EA6E86B3207F62FC00EAADED /* AppDelegate.m in Sources */ = {isa = PBXBuildFile; fileRef = EA6E86B2207F62FC00EAADED /* AppDelegate.m */; };
		EA6E86B6207F62FC00EAADED /* ViewController.m in Sources */ = {isa = PBXBuildFile; fileRef = EA6E86B5207F62FC00EAADED /* ViewController.m */; };
		EA6E86B9207F62FC00EAADED /* Main.storyboard in Resources */ = {isa = PBXBuildFile; fileRef = EA6E86B7207F62FC00EAADED /* Main.storyboard */; };
		EA6E86BB207F62FE00EAADED /* Assets.xcassets in Resources */ = {isa = PBXBuildFile; fileRef = EA6E86BA207F62FE00EAADED /* Assets.xcassets */; };
		EA6E86BE207F62FE00EAADED /* LaunchScreen.storyboard in Resources */ = {isa = PBXBuildFile; fileRef = EA6E86BC207F62FE00EAADED /* LaunchScreen.storyboard */; };
		EA6E86C1207F62FE00EAADED /* main.m in Sources */ = {isa = PBXBuildFile; fileRef = EA6E86C0207F62FE00EAADED /* main.m */; };
		EA6E8702207F63DB00EAADED /* ClearTheCacheTools.m in Sources */ = {isa = PBXBuildFile; fileRef = EA6E86C9207F63DA00EAADED /* ClearTheCacheTools.m */; };
		EA6E8703207F63DB00EAADED /* BasePickerView.m in Sources */ = {isa = PBXBuildFile; fileRef = EA6E86CC207F63DA00EAADED /* BasePickerView.m */; };
		EA6E8704207F63DB00EAADED /* DatePickerView.m in Sources */ = {isa = PBXBuildFile; fileRef = EA6E86CE207F63DA00EAADED /* DatePickerView.m */; };
		EA6E8705207F63DB00EAADED /* NSData+YBTool.m in Sources */ = {isa = PBXBuildFile; fileRef = EA6E86D0207F63DA00EAADED /* NSData+YBTool.m */; };
		EA6E8706207F63DB00EAADED /* NSObject+YBTool.m in Sources */ = {isa = PBXBuildFile; fileRef = EA6E86D2207F63DA00EAADED /* NSObject+YBTool.m */; };
		EA6E8707207F63DB00EAADED /* NSString+YBTool.m in Sources */ = {isa = PBXBuildFile; fileRef = EA6E86D4207F63DA00EAADED /* NSString+YBTool.m */; };
		EA6E8708207F63DB00EAADED /* UIButton+YBTool.m in Sources */ = {isa = PBXBuildFile; fileRef = EA6E86D6207F63DA00EAADED /* UIButton+YBTool.m */; };
		EA6E8709207F63DB00EAADED /* UIColor+YBTool.m in Sources */ = {isa = PBXBuildFile; fileRef = EA6E86D8207F63DA00EAADED /* UIColor+YBTool.m */; };
		EA6E870A207F63DB00EAADED /* UIFont+YBTool.m in Sources */ = {isa = PBXBuildFile; fileRef = EA6E86DA207F63DA00EAADED /* UIFont+YBTool.m */; };
		EA6E870B207F63DB00EAADED /* UIImage+YBTool.m in Sources */ = {isa = PBXBuildFile; fileRef = EA6E86DC207F63DA00EAADED /* UIImage+YBTool.m */; };
		EA6E870C207F63DB00EAADED /* UIImageView+YBTool.m in Sources */ = {isa = PBXBuildFile; fileRef = EA6E86DE207F63DA00EAADED /* UIImageView+YBTool.m */; };
		EA6E870D207F63DB00EAADED /* UILabel+YBTool.m in Sources */ = {isa = PBXBuildFile; fileRef = EA6E86E0207F63DA00EAADED /* UILabel+YBTool.m */; };
		EA6E870E207F63DB00EAADED /* UINavigationBar+YBTool.m in Sources */ = {isa = PBXBuildFile; fileRef = EA6E86E2207F63DA00EAADED /* UINavigationBar+YBTool.m */; };
		EA6E870F207F63DB00EAADED /* UIScrollView+YBTool.m in Sources */ = {isa = PBXBuildFile; fileRef = EA6E86E4207F63DA00EAADED /* UIScrollView+YBTool.m */; };
		EA6E8710207F63DB00EAADED /* UITextView+PlaceHolder.m in Sources */ = {isa = PBXBuildFile; fileRef = EA6E86E6207F63DA00EAADED /* UITextView+PlaceHolder.m */; };
		EA6E8711207F63DB00EAADED /* UIView+EmptyView.m in Sources */ = {isa = PBXBuildFile; fileRef = EA6E86E8207F63DA00EAADED /* UIView+EmptyView.m */; };
		EA6E8712207F63DB00EAADED /* UIView+YBTool.m in Sources */ = {isa = PBXBuildFile; fileRef = EA6E86EA207F63DA00EAADED /* UIView+YBTool.m */; };
		EA6E8713207F63DB00EAADED /* UIViewController+YBTool.m in Sources */ = {isa = PBXBuildFile; fileRef = EA6E86EC207F63DA00EAADED /* UIViewController+YBTool.m */; };
		EA6E8714207F63DB00EAADED /* VideoCompressTools.m in Sources */ = {isa = PBXBuildFile; fileRef = EA6E86EF207F63DA00EAADED /* VideoCompressTools.m */; };
		EA6E8715207F63DB00EAADED /* YBAlertView.m in Sources */ = {isa = PBXBuildFile; fileRef = EA6E86F1207F63DA00EAADED /* YBAlertView.m */; };
		EA6E8716207F63DB00EAADED /* YBCacheFileUtils.m in Sources */ = {isa = PBXBuildFile; fileRef = EA6E86F3207F63DA00EAADED /* YBCacheFileUtils.m */; };
		EA6E8717207F63DB00EAADED /* YBKeyChain.m in Sources */ = {isa = PBXBuildFile; fileRef = EA6E86F5207F63DA00EAADED /* YBKeyChain.m */; };
		EA6E8718207F63DB00EAADED /* YBPopupMenu.m in Sources */ = {isa = PBXBuildFile; fileRef = EA6E86F8207F63DA00EAADED /* YBPopupMenu.m */; };
		EA6E8719207F63DB00EAADED /* YBPopupMenuPath.m in Sources */ = {isa = PBXBuildFile; fileRef = EA6E86FA207F63DA00EAADED /* YBPopupMenuPath.m */; };
		EA6E871A207F63DB00EAADED /* YBRectConst.m in Sources */ = {isa = PBXBuildFile; fileRef = EA6E86FC207F63DA00EAADED /* YBRectConst.m */; };
		EA6E871B207F63DB00EAADED /* YBRSA.m in Sources */ = {isa = PBXBuildFile; fileRef = EA6E86FE207F63DA00EAADED /* YBRSA.m */; };
		EA6E871C207F63DB00EAADED /* YBUtils.m in Sources */ = {isa = PBXBuildFile; fileRef = EA6E8701207F63DA00EAADED /* YBUtils.m */; };
		EA6E871E207F658600EAADED /* UIKit.framework in Frameworks */ = {isa = PBXBuildFile; fileRef = EA6E871D207F658600EAADED /* UIKit.framework */; };
		EA6E8720207F658E00EAADED /* Foundation.framework in Frameworks */ = {isa = PBXBuildFile; fileRef = EA6E871F207F658D00EAADED /* Foundation.framework */; };
		EA6E8722207F659800EAADED /* AdSupport.framework in Frameworks */ = {isa = PBXBuildFile; fileRef = EA6E8721207F659800EAADED /* AdSupport.framework */; };
		EA6E8725207F6E8D00EAADED /* YBCustomAlertView.m in Sources */ = {isa = PBXBuildFile; fileRef = EA6E8724207F6E8D00EAADED /* YBCustomAlertView.m */; };
		EA6E874F207F836300EAADED /* UIView+YBEvent.m in Sources */ = {isa = PBXBuildFile; fileRef = EA6E874E207F836300EAADED /* UIView+YBEvent.m */; };
		EA6E8757207F88CB00EAADED /* UIImage+Code.m in Sources */ = {isa = PBXBuildFile; fileRef = EA6E8755207F88CB00EAADED /* UIImage+Code.m */; };
		EA6E875B207F89F500EAADED /* UIDevice+YBTool.m in Sources */ = {isa = PBXBuildFile; fileRef = EA6E875A207F89F500EAADED /* UIDevice+YBTool.m */; };
		EA6E875F207F8A4A00EAADED /* UIWindow+YBTool.m in Sources */ = {isa = PBXBuildFile; fileRef = EA6E875E207F8A4A00EAADED /* UIWindow+YBTool.m */; };
		EA6E8763207F8C0D00EAADED /* UIApplication+YBTool.m in Sources */ = {isa = PBXBuildFile; fileRef = EA6E8762207F8C0D00EAADED /* UIApplication+YBTool.m */; };
		EA6E876A207F8E0D00EAADED /* YBOnceRun.m in Sources */ = {isa = PBXBuildFile; fileRef = EA6E8769207F8E0D00EAADED /* YBOnceRun.m */; };
		EA6E876D207F8E5300EAADED /* YBDelayRun.m in Sources */ = {isa = PBXBuildFile; fileRef = EA6E876C207F8E5300EAADED /* YBDelayRun.m */; };
		EA6E8770207F8E7700EAADED /* YBAsyncRun.m in Sources */ = {isa = PBXBuildFile; fileRef = EA6E876F207F8E7700EAADED /* YBAsyncRun.m */; };
		EA6E8773207F8E8800EAADED /* YBMainThredRun.m in Sources */ = {isa = PBXBuildFile; fileRef = EA6E8772207F8E8800EAADED /* YBMainThredRun.m */; };
		EA8DF51F208049D500486F41 /* NSURL+YBTool.m in Sources */ = {isa = PBXBuildFile; fileRef = EA8DF51E208049D500486F41 /* NSURL+YBTool.m */; };
		EA8DF52420804A9C00486F41 /* NSDate+YBTool.m in Sources */ = {isa = PBXBuildFile; fileRef = EA8DF52320804A9C00486F41 /* NSDate+YBTool.m */; };
		EA8DF52820804ADF00486F41 /* NSError+YBTool.m in Sources */ = {isa = PBXBuildFile; fileRef = EA8DF52720804ADF00486F41 /* NSError+YBTool.m */; };
		EA8DF52C20804B3800486F41 /* NSArray+YBLog.m in Sources */ = {isa = PBXBuildFile; fileRef = EA8DF52B20804B3800486F41 /* NSArray+YBLog.m */; };
		EA8DF52F20804B7200486F41 /* NSArray+YBTool.m in Sources */ = {isa = PBXBuildFile; fileRef = EA8DF52E20804B7200486F41 /* NSArray+YBTool.m */; };
		EA8DF53220804CBF00486F41 /* NSMutableArray+YBTool.m in Sources */ = {isa = PBXBuildFile; fileRef = EA8DF53120804CBF00486F41 /* NSMutableArray+YBTool.m */; };
		EA8DF5362080517100486F41 /* NSNumber+YBTool.m in Sources */ = {isa = PBXBuildFile; fileRef = EA8DF5352080517100486F41 /* NSNumber+YBTool.m */; };
		EA8DF53A208051B000486F41 /* NSDictionary+YBTool.m in Sources */ = {isa = PBXBuildFile; fileRef = EA8DF539208051B000486F41 /* NSDictionary+YBTool.m */; };
		EA8DF53E2080530400486F41 /* NSFileManager+YBTool.m in Sources */ = {isa = PBXBuildFile; fileRef = EA8DF53D2080530400486F41 /* NSFileManager+YBTool.m */; };
		EA8DF5452080606700486F41 /* NSUserDefaults+YBTool.m in Sources */ = {isa = PBXBuildFile; fileRef = EA8DF5432080606700486F41 /* NSUserDefaults+YBTool.m */; };
/* End PBXBuildFile section */

/* Begin PBXFileReference section */
		2024053D51FD2E6B66E6480A /* Pods-YBTool.release.xcconfig */ = {isa = PBXFileReference; includeInIndex = 1; lastKnownFileType = text.xcconfig; name = "Pods-YBTool.release.xcconfig"; path = "Pods/Target Support Files/Pods-YBTool/Pods-YBTool.release.xcconfig"; sourceTree = "<group>"; };
		4B54A85050006EDB2CF17BF5 /* Pods-YBTool.debug.xcconfig */ = {isa = PBXFileReference; includeInIndex = 1; lastKnownFileType = text.xcconfig; name = "Pods-YBTool.debug.xcconfig"; path = "Pods/Target Support Files/Pods-YBTool/Pods-YBTool.debug.xcconfig"; sourceTree = "<group>"; };
		6403E9E0A1566F03BAC53098 /* libPods-YBTool.a */ = {isa = PBXFileReference; explicitFileType = archive.ar; includeInIndex = 0; path = "libPods-YBTool.a"; sourceTree = BUILT_PRODUCTS_DIR; };
		EA6E86AE207F62FC00EAADED /* YBTool.app */ = {isa = PBXFileReference; explicitFileType = wrapper.application; includeInIndex = 0; path = YBTool.app; sourceTree = BUILT_PRODUCTS_DIR; };
		EA6E86B1207F62FC00EAADED /* AppDelegate.h */ = {isa = PBXFileReference; lastKnownFileType = sourcecode.c.h; path = AppDelegate.h; sourceTree = "<group>"; };
		EA6E86B2207F62FC00EAADED /* AppDelegate.m */ = {isa = PBXFileReference; lastKnownFileType = sourcecode.c.objc; path = AppDelegate.m; sourceTree = "<group>"; };
		EA6E86B4207F62FC00EAADED /* ViewController.h */ = {isa = PBXFileReference; lastKnownFileType = sourcecode.c.h; path = ViewController.h; sourceTree = "<group>"; };
		EA6E86B5207F62FC00EAADED /* ViewController.m */ = {isa = PBXFileReference; lastKnownFileType = sourcecode.c.objc; path = ViewController.m; sourceTree = "<group>"; };
		EA6E86B8207F62FC00EAADED /* Base */ = {isa = PBXFileReference; lastKnownFileType = file.storyboard; name = Base; path = Base.lproj/Main.storyboard; sourceTree = "<group>"; };
		EA6E86BA207F62FE00EAADED /* Assets.xcassets */ = {isa = PBXFileReference; lastKnownFileType = folder.assetcatalog; path = Assets.xcassets; sourceTree = "<group>"; };
		EA6E86BD207F62FE00EAADED /* Base */ = {isa = PBXFileReference; lastKnownFileType = file.storyboard; name = Base; path = Base.lproj/LaunchScreen.storyboard; sourceTree = "<group>"; };
		EA6E86BF207F62FE00EAADED /* Info.plist */ = {isa = PBXFileReference; lastKnownFileType = text.plist.xml; path = Info.plist; sourceTree = "<group>"; };
		EA6E86C0207F62FE00EAADED /* main.m */ = {isa = PBXFileReference; lastKnownFileType = sourcecode.c.objc; path = main.m; sourceTree = "<group>"; };
		EA6E86C8207F63DA00EAADED /* ClearTheCacheTools.h */ = {isa = PBXFileReference; fileEncoding = 4; lastKnownFileType = sourcecode.c.h; path = ClearTheCacheTools.h; sourceTree = "<group>"; };
		EA6E86C9207F63DA00EAADED /* ClearTheCacheTools.m */ = {isa = PBXFileReference; fileEncoding = 4; lastKnownFileType = sourcecode.c.objc; path = ClearTheCacheTools.m; sourceTree = "<group>"; };
		EA6E86CB207F63DA00EAADED /* BasePickerView.h */ = {isa = PBXFileReference; fileEncoding = 4; lastKnownFileType = sourcecode.c.h; path = BasePickerView.h; sourceTree = "<group>"; };
		EA6E86CC207F63DA00EAADED /* BasePickerView.m */ = {isa = PBXFileReference; fileEncoding = 4; lastKnownFileType = sourcecode.c.objc; path = BasePickerView.m; sourceTree = "<group>"; };
		EA6E86CD207F63DA00EAADED /* DatePickerView.h */ = {isa = PBXFileReference; fileEncoding = 4; lastKnownFileType = sourcecode.c.h; path = DatePickerView.h; sourceTree = "<group>"; };
		EA6E86CE207F63DA00EAADED /* DatePickerView.m */ = {isa = PBXFileReference; fileEncoding = 4; lastKnownFileType = sourcecode.c.objc; path = DatePickerView.m; sourceTree = "<group>"; };
		EA6E86CF207F63DA00EAADED /* NSData+YBTool.h */ = {isa = PBXFileReference; fileEncoding = 4; lastKnownFileType = sourcecode.c.h; path = "NSData+YBTool.h"; sourceTree = "<group>"; };
		EA6E86D0207F63DA00EAADED /* NSData+YBTool.m */ = {isa = PBXFileReference; fileEncoding = 4; lastKnownFileType = sourcecode.c.objc; path = "NSData+YBTool.m"; sourceTree = "<group>"; };
		EA6E86D1207F63DA00EAADED /* NSObject+YBTool.h */ = {isa = PBXFileReference; fileEncoding = 4; lastKnownFileType = sourcecode.c.h; path = "NSObject+YBTool.h"; sourceTree = "<group>"; };
		EA6E86D2207F63DA00EAADED /* NSObject+YBTool.m */ = {isa = PBXFileReference; fileEncoding = 4; lastKnownFileType = sourcecode.c.objc; path = "NSObject+YBTool.m"; sourceTree = "<group>"; };
		EA6E86D3207F63DA00EAADED /* NSString+YBTool.h */ = {isa = PBXFileReference; fileEncoding = 4; lastKnownFileType = sourcecode.c.h; path = "NSString+YBTool.h"; sourceTree = "<group>"; };
		EA6E86D4207F63DA00EAADED /* NSString+YBTool.m */ = {isa = PBXFileReference; fileEncoding = 4; lastKnownFileType = sourcecode.c.objc; path = "NSString+YBTool.m"; sourceTree = "<group>"; };
		EA6E86D5207F63DA00EAADED /* UIButton+YBTool.h */ = {isa = PBXFileReference; fileEncoding = 4; lastKnownFileType = sourcecode.c.h; path = "UIButton+YBTool.h"; sourceTree = "<group>"; };
		EA6E86D6207F63DA00EAADED /* UIButton+YBTool.m */ = {isa = PBXFileReference; fileEncoding = 4; lastKnownFileType = sourcecode.c.objc; path = "UIButton+YBTool.m"; sourceTree = "<group>"; };
		EA6E86D7207F63DA00EAADED /* UIColor+YBTool.h */ = {isa = PBXFileReference; fileEncoding = 4; lastKnownFileType = sourcecode.c.h; path = "UIColor+YBTool.h"; sourceTree = "<group>"; };
		EA6E86D8207F63DA00EAADED /* UIColor+YBTool.m */ = {isa = PBXFileReference; fileEncoding = 4; lastKnownFileType = sourcecode.c.objc; path = "UIColor+YBTool.m"; sourceTree = "<group>"; };
		EA6E86D9207F63DA00EAADED /* UIFont+YBTool.h */ = {isa = PBXFileReference; fileEncoding = 4; lastKnownFileType = sourcecode.c.h; path = "UIFont+YBTool.h"; sourceTree = "<group>"; };
		EA6E86DA207F63DA00EAADED /* UIFont+YBTool.m */ = {isa = PBXFileReference; fileEncoding = 4; lastKnownFileType = sourcecode.c.objc; path = "UIFont+YBTool.m"; sourceTree = "<group>"; };
		EA6E86DB207F63DA00EAADED /* UIImage+YBTool.h */ = {isa = PBXFileReference; fileEncoding = 4; lastKnownFileType = sourcecode.c.h; path = "UIImage+YBTool.h"; sourceTree = "<group>"; };
		EA6E86DC207F63DA00EAADED /* UIImage+YBTool.m */ = {isa = PBXFileReference; fileEncoding = 4; lastKnownFileType = sourcecode.c.objc; path = "UIImage+YBTool.m"; sourceTree = "<group>"; };
		EA6E86DD207F63DA00EAADED /* UIImageView+YBTool.h */ = {isa = PBXFileReference; fileEncoding = 4; lastKnownFileType = sourcecode.c.h; path = "UIImageView+YBTool.h"; sourceTree = "<group>"; };
		EA6E86DE207F63DA00EAADED /* UIImageView+YBTool.m */ = {isa = PBXFileReference; fileEncoding = 4; lastKnownFileType = sourcecode.c.objc; path = "UIImageView+YBTool.m"; sourceTree = "<group>"; };
		EA6E86DF207F63DA00EAADED /* UILabel+YBTool.h */ = {isa = PBXFileReference; fileEncoding = 4; lastKnownFileType = sourcecode.c.h; path = "UILabel+YBTool.h"; sourceTree = "<group>"; };
		EA6E86E0207F63DA00EAADED /* UILabel+YBTool.m */ = {isa = PBXFileReference; fileEncoding = 4; lastKnownFileType = sourcecode.c.objc; path = "UILabel+YBTool.m"; sourceTree = "<group>"; };
		EA6E86E1207F63DA00EAADED /* UINavigationBar+YBTool.h */ = {isa = PBXFileReference; fileEncoding = 4; lastKnownFileType = sourcecode.c.h; path = "UINavigationBar+YBTool.h"; sourceTree = "<group>"; };
		EA6E86E2207F63DA00EAADED /* UINavigationBar+YBTool.m */ = {isa = PBXFileReference; fileEncoding = 4; lastKnownFileType = sourcecode.c.objc; path = "UINavigationBar+YBTool.m"; sourceTree = "<group>"; };
		EA6E86E3207F63DA00EAADED /* UIScrollView+YBTool.h */ = {isa = PBXFileReference; fileEncoding = 4; lastKnownFileType = sourcecode.c.h; path = "UIScrollView+YBTool.h"; sourceTree = "<group>"; };
		EA6E86E4207F63DA00EAADED /* UIScrollView+YBTool.m */ = {isa = PBXFileReference; fileEncoding = 4; lastKnownFileType = sourcecode.c.objc; path = "UIScrollView+YBTool.m"; sourceTree = "<group>"; };
		EA6E86E5207F63DA00EAADED /* UITextView+PlaceHolder.h */ = {isa = PBXFileReference; fileEncoding = 4; lastKnownFileType = sourcecode.c.h; path = "UITextView+PlaceHolder.h"; sourceTree = "<group>"; };
		EA6E86E6207F63DA00EAADED /* UITextView+PlaceHolder.m */ = {isa = PBXFileReference; fileEncoding = 4; lastKnownFileType = sourcecode.c.objc; path = "UITextView+PlaceHolder.m"; sourceTree = "<group>"; };
		EA6E86E7207F63DA00EAADED /* UIView+EmptyView.h */ = {isa = PBXFileReference; fileEncoding = 4; lastKnownFileType = sourcecode.c.h; path = "UIView+EmptyView.h"; sourceTree = "<group>"; };
		EA6E86E8207F63DA00EAADED /* UIView+EmptyView.m */ = {isa = PBXFileReference; fileEncoding = 4; lastKnownFileType = sourcecode.c.objc; path = "UIView+EmptyView.m"; sourceTree = "<group>"; };
		EA6E86E9207F63DA00EAADED /* UIView+YBTool.h */ = {isa = PBXFileReference; fileEncoding = 4; lastKnownFileType = sourcecode.c.h; path = "UIView+YBTool.h"; sourceTree = "<group>"; };
		EA6E86EA207F63DA00EAADED /* UIView+YBTool.m */ = {isa = PBXFileReference; fileEncoding = 4; lastKnownFileType = sourcecode.c.objc; path = "UIView+YBTool.m"; sourceTree = "<group>"; };
		EA6E86EB207F63DA00EAADED /* UIViewController+YBTool.h */ = {isa = PBXFileReference; fileEncoding = 4; lastKnownFileType = sourcecode.c.h; path = "UIViewController+YBTool.h"; sourceTree = "<group>"; };
		EA6E86EC207F63DA00EAADED /* UIViewController+YBTool.m */ = {isa = PBXFileReference; fileEncoding = 4; lastKnownFileType = sourcecode.c.objc; path = "UIViewController+YBTool.m"; sourceTree = "<group>"; };
		EA6E86EE207F63DA00EAADED /* VideoCompressTools.h */ = {isa = PBXFileReference; fileEncoding = 4; lastKnownFileType = sourcecode.c.h; path = VideoCompressTools.h; sourceTree = "<group>"; };
		EA6E86EF207F63DA00EAADED /* VideoCompressTools.m */ = {isa = PBXFileReference; fileEncoding = 4; lastKnownFileType = sourcecode.c.objc; path = VideoCompressTools.m; sourceTree = "<group>"; };
		EA6E86F0207F63DA00EAADED /* YBAlertView.h */ = {isa = PBXFileReference; fileEncoding = 4; lastKnownFileType = sourcecode.c.h; path = YBAlertView.h; sourceTree = "<group>"; };
		EA6E86F1207F63DA00EAADED /* YBAlertView.m */ = {isa = PBXFileReference; fileEncoding = 4; lastKnownFileType = sourcecode.c.objc; path = YBAlertView.m; sourceTree = "<group>"; };
		EA6E86F2207F63DA00EAADED /* YBCacheFileUtils.h */ = {isa = PBXFileReference; fileEncoding = 4; lastKnownFileType = sourcecode.c.h; path = YBCacheFileUtils.h; sourceTree = "<group>"; };
		EA6E86F3207F63DA00EAADED /* YBCacheFileUtils.m */ = {isa = PBXFileReference; fileEncoding = 4; lastKnownFileType = sourcecode.c.objc; path = YBCacheFileUtils.m; sourceTree = "<group>"; };
		EA6E86F4207F63DA00EAADED /* YBKeyChain.h */ = {isa = PBXFileReference; fileEncoding = 4; lastKnownFileType = sourcecode.c.h; path = YBKeyChain.h; sourceTree = "<group>"; };
		EA6E86F5207F63DA00EAADED /* YBKeyChain.m */ = {isa = PBXFileReference; fileEncoding = 4; lastKnownFileType = sourcecode.c.objc; path = YBKeyChain.m; sourceTree = "<group>"; };
		EA6E86F7207F63DA00EAADED /* YBPopupMenu.h */ = {isa = PBXFileReference; fileEncoding = 4; lastKnownFileType = sourcecode.c.h; path = YBPopupMenu.h; sourceTree = "<group>"; };
		EA6E86F8207F63DA00EAADED /* YBPopupMenu.m */ = {isa = PBXFileReference; fileEncoding = 4; lastKnownFileType = sourcecode.c.objc; path = YBPopupMenu.m; sourceTree = "<group>"; };
		EA6E86F9207F63DA00EAADED /* YBPopupMenuPath.h */ = {isa = PBXFileReference; fileEncoding = 4; lastKnownFileType = sourcecode.c.h; path = YBPopupMenuPath.h; sourceTree = "<group>"; };
		EA6E86FA207F63DA00EAADED /* YBPopupMenuPath.m */ = {isa = PBXFileReference; fileEncoding = 4; lastKnownFileType = sourcecode.c.objc; path = YBPopupMenuPath.m; sourceTree = "<group>"; };
		EA6E86FB207F63DA00EAADED /* YBRectConst.h */ = {isa = PBXFileReference; fileEncoding = 4; lastKnownFileType = sourcecode.c.h; path = YBRectConst.h; sourceTree = "<group>"; };
		EA6E86FC207F63DA00EAADED /* YBRectConst.m */ = {isa = PBXFileReference; fileEncoding = 4; lastKnownFileType = sourcecode.c.objc; path = YBRectConst.m; sourceTree = "<group>"; };
		EA6E86FD207F63DA00EAADED /* YBRSA.h */ = {isa = PBXFileReference; fileEncoding = 4; lastKnownFileType = sourcecode.c.h; path = YBRSA.h; sourceTree = "<group>"; };
		EA6E86FE207F63DA00EAADED /* YBRSA.m */ = {isa = PBXFileReference; fileEncoding = 4; lastKnownFileType = sourcecode.c.objc; path = YBRSA.m; sourceTree = "<group>"; };
		EA6E86FF207F63DA00EAADED /* YBTool.h */ = {isa = PBXFileReference; fileEncoding = 4; lastKnownFileType = sourcecode.c.h; path = YBTool.h; sourceTree = "<group>"; };
		EA6E8700207F63DA00EAADED /* YBUtils.h */ = {isa = PBXFileReference; fileEncoding = 4; lastKnownFileType = sourcecode.c.h; path = YBUtils.h; sourceTree = "<group>"; };
		EA6E8701207F63DA00EAADED /* YBUtils.m */ = {isa = PBXFileReference; fileEncoding = 4; lastKnownFileType = sourcecode.c.objc; path = YBUtils.m; sourceTree = "<group>"; };
		EA6E871D207F658600EAADED /* UIKit.framework */ = {isa = PBXFileReference; lastKnownFileType = wrapper.framework; name = UIKit.framework; path = System/Library/Frameworks/UIKit.framework; sourceTree = SDKROOT; };
		EA6E871F207F658D00EAADED /* Foundation.framework */ = {isa = PBXFileReference; lastKnownFileType = wrapper.framework; name = Foundation.framework; path = System/Library/Frameworks/Foundation.framework; sourceTree = SDKROOT; };
		EA6E8721207F659800EAADED /* AdSupport.framework */ = {isa = PBXFileReference; lastKnownFileType = wrapper.framework; name = AdSupport.framework; path = System/Library/Frameworks/AdSupport.framework; sourceTree = SDKROOT; };
		EA6E8723207F6E8D00EAADED /* YBCustomAlertView.h */ = {isa = PBXFileReference; lastKnownFileType = sourcecode.c.h; path = YBCustomAlertView.h; sourceTree = "<group>"; };
		EA6E8724207F6E8D00EAADED /* YBCustomAlertView.m */ = {isa = PBXFileReference; lastKnownFileType = sourcecode.c.objc; path = YBCustomAlertView.m; sourceTree = "<group>"; };
		EA6E8748207F7E8400EAADED /* YBToolMacro.h */ = {isa = PBXFileReference; lastKnownFileType = sourcecode.c.h; path = YBToolMacro.h; sourceTree = "<group>"; };
		EA6E874D207F836300EAADED /* UIView+YBEvent.h */ = {isa = PBXFileReference; lastKnownFileType = sourcecode.c.h; path = "UIView+YBEvent.h"; sourceTree = "<group>"; };
		EA6E874E207F836300EAADED /* UIView+YBEvent.m */ = {isa = PBXFileReference; lastKnownFileType = sourcecode.c.objc; path = "UIView+YBEvent.m"; sourceTree = "<group>"; };
		EA6E8755207F88CB00EAADED /* UIImage+Code.m */ = {isa = PBXFileReference; fileEncoding = 4; lastKnownFileType = sourcecode.c.objc; path = "UIImage+Code.m"; sourceTree = "<group>"; };
		EA6E8756207F88CB00EAADED /* UIImage+Code.h */ = {isa = PBXFileReference; fileEncoding = 4; lastKnownFileType = sourcecode.c.h; path = "UIImage+Code.h"; sourceTree = "<group>"; };
		EA6E8759207F89F500EAADED /* UIDevice+YBTool.h */ = {isa = PBXFileReference; lastKnownFileType = sourcecode.c.h; path = "UIDevice+YBTool.h"; sourceTree = "<group>"; };
		EA6E875A207F89F500EAADED /* UIDevice+YBTool.m */ = {isa = PBXFileReference; lastKnownFileType = sourcecode.c.objc; path = "UIDevice+YBTool.m"; sourceTree = "<group>"; };
		EA6E875D207F8A4A00EAADED /* UIWindow+YBTool.h */ = {isa = PBXFileReference; lastKnownFileType = sourcecode.c.h; path = "UIWindow+YBTool.h"; sourceTree = "<group>"; };
		EA6E875E207F8A4A00EAADED /* UIWindow+YBTool.m */ = {isa = PBXFileReference; lastKnownFileType = sourcecode.c.objc; path = "UIWindow+YBTool.m"; sourceTree = "<group>"; };
		EA6E8761207F8C0D00EAADED /* UIApplication+YBTool.h */ = {isa = PBXFileReference; lastKnownFileType = sourcecode.c.h; path = "UIApplication+YBTool.h"; sourceTree = "<group>"; };
		EA6E8762207F8C0D00EAADED /* UIApplication+YBTool.m */ = {isa = PBXFileReference; lastKnownFileType = sourcecode.c.objc; path = "UIApplication+YBTool.m"; sourceTree = "<group>"; };
		EA6E8767207F8DDC00EAADED /* YBThreadMethod.h */ = {isa = PBXFileReference; lastKnownFileType = sourcecode.c.h; path = YBThreadMethod.h; sourceTree = "<group>"; };
		EA6E8768207F8E0D00EAADED /* YBOnceRun.h */ = {isa = PBXFileReference; lastKnownFileType = sourcecode.c.h; path = YBOnceRun.h; sourceTree = "<group>"; };
		EA6E8769207F8E0D00EAADED /* YBOnceRun.m */ = {isa = PBXFileReference; lastKnownFileType = sourcecode.c.objc; path = YBOnceRun.m; sourceTree = "<group>"; };
		EA6E876B207F8E5300EAADED /* YBDelayRun.h */ = {isa = PBXFileReference; lastKnownFileType = sourcecode.c.h; path = YBDelayRun.h; sourceTree = "<group>"; };
		EA6E876C207F8E5300EAADED /* YBDelayRun.m */ = {isa = PBXFileReference; lastKnownFileType = sourcecode.c.objc; path = YBDelayRun.m; sourceTree = "<group>"; };
		EA6E876E207F8E7700EAADED /* YBAsyncRun.h */ = {isa = PBXFileReference; lastKnownFileType = sourcecode.c.h; path = YBAsyncRun.h; sourceTree = "<group>"; };
		EA6E876F207F8E7700EAADED /* YBAsyncRun.m */ = {isa = PBXFileReference; lastKnownFileType = sourcecode.c.objc; path = YBAsyncRun.m; sourceTree = "<group>"; };
		EA6E8771207F8E8800EAADED /* YBMainThredRun.h */ = {isa = PBXFileReference; lastKnownFileType = sourcecode.c.h; path = YBMainThredRun.h; sourceTree = "<group>"; };
		EA6E8772207F8E8800EAADED /* YBMainThredRun.m */ = {isa = PBXFileReference; lastKnownFileType = sourcecode.c.objc; path = YBMainThredRun.m; sourceTree = "<group>"; };
		EA8DF51D208049D500486F41 /* NSURL+YBTool.h */ = {isa = PBXFileReference; lastKnownFileType = sourcecode.c.h; path = "NSURL+YBTool.h"; sourceTree = "<group>"; };
		EA8DF51E208049D500486F41 /* NSURL+YBTool.m */ = {isa = PBXFileReference; lastKnownFileType = sourcecode.c.objc; path = "NSURL+YBTool.m"; sourceTree = "<group>"; };
		EA8DF52220804A9C00486F41 /* NSDate+YBTool.h */ = {isa = PBXFileReference; lastKnownFileType = sourcecode.c.h; path = "NSDate+YBTool.h"; sourceTree = "<group>"; };
		EA8DF52320804A9C00486F41 /* NSDate+YBTool.m */ = {isa = PBXFileReference; lastKnownFileType = sourcecode.c.objc; path = "NSDate+YBTool.m"; sourceTree = "<group>"; };
		EA8DF52620804ADF00486F41 /* NSError+YBTool.h */ = {isa = PBXFileReference; lastKnownFileType = sourcecode.c.h; path = "NSError+YBTool.h"; sourceTree = "<group>"; };
		EA8DF52720804ADF00486F41 /* NSError+YBTool.m */ = {isa = PBXFileReference; lastKnownFileType = sourcecode.c.objc; path = "NSError+YBTool.m"; sourceTree = "<group>"; };
		EA8DF52A20804B3800486F41 /* NSArray+YBLog.h */ = {isa = PBXFileReference; lastKnownFileType = sourcecode.c.h; path = "NSArray+YBLog.h"; sourceTree = "<group>"; };
		EA8DF52B20804B3800486F41 /* NSArray+YBLog.m */ = {isa = PBXFileReference; lastKnownFileType = sourcecode.c.objc; path = "NSArray+YBLog.m"; sourceTree = "<group>"; };
		EA8DF52D20804B7200486F41 /* NSArray+YBTool.h */ = {isa = PBXFileReference; lastKnownFileType = sourcecode.c.h; path = "NSArray+YBTool.h"; sourceTree = "<group>"; };
		EA8DF52E20804B7200486F41 /* NSArray+YBTool.m */ = {isa = PBXFileReference; lastKnownFileType = sourcecode.c.objc; path = "NSArray+YBTool.m"; sourceTree = "<group>"; };
		EA8DF53020804CBF00486F41 /* NSMutableArray+YBTool.h */ = {isa = PBXFileReference; lastKnownFileType = sourcecode.c.h; path = "NSMutableArray+YBTool.h"; sourceTree = "<group>"; };
		EA8DF53120804CBF00486F41 /* NSMutableArray+YBTool.m */ = {isa = PBXFileReference; lastKnownFileType = sourcecode.c.objc; path = "NSMutableArray+YBTool.m"; sourceTree = "<group>"; };
		EA8DF5342080517100486F41 /* NSNumber+YBTool.h */ = {isa = PBXFileReference; lastKnownFileType = sourcecode.c.h; path = "NSNumber+YBTool.h"; sourceTree = "<group>"; };
		EA8DF5352080517100486F41 /* NSNumber+YBTool.m */ = {isa = PBXFileReference; lastKnownFileType = sourcecode.c.objc; path = "NSNumber+YBTool.m"; sourceTree = "<group>"; };
		EA8DF538208051B000486F41 /* NSDictionary+YBTool.h */ = {isa = PBXFileReference; lastKnownFileType = sourcecode.c.h; path = "NSDictionary+YBTool.h"; sourceTree = "<group>"; };
		EA8DF539208051B000486F41 /* NSDictionary+YBTool.m */ = {isa = PBXFileReference; lastKnownFileType = sourcecode.c.objc; path = "NSDictionary+YBTool.m"; sourceTree = "<group>"; };
		EA8DF53C2080530400486F41 /* NSFileManager+YBTool.h */ = {isa = PBXFileReference; lastKnownFileType = sourcecode.c.h; path = "NSFileManager+YBTool.h"; sourceTree = "<group>"; };
		EA8DF53D2080530400486F41 /* NSFileManager+YBTool.m */ = {isa = PBXFileReference; lastKnownFileType = sourcecode.c.objc; path = "NSFileManager+YBTool.m"; sourceTree = "<group>"; };
		EA8DF5432080606700486F41 /* NSUserDefaults+YBTool.m */ = {isa = PBXFileReference; fileEncoding = 4; lastKnownFileType = sourcecode.c.objc; path = "NSUserDefaults+YBTool.m"; sourceTree = "<group>"; };
		EA8DF5442080606700486F41 /* NSUserDefaults+YBTool.h */ = {isa = PBXFileReference; fileEncoding = 4; lastKnownFileType = sourcecode.c.h; path = "NSUserDefaults+YBTool.h"; sourceTree = "<group>"; };
/* End PBXFileReference section */

/* Begin PBXFrameworksBuildPhase section */
		EA6E86AB207F62FC00EAADED /* Frameworks */ = {
			isa = PBXFrameworksBuildPhase;
			buildActionMask = 2147483647;
			files = (
				EA6E8722207F659800EAADED /* AdSupport.framework in Frameworks */,
				EA6E8720207F658E00EAADED /* Foundation.framework in Frameworks */,
				EA6E871E207F658600EAADED /* UIKit.framework in Frameworks */,
				D385B0D289B28830B1B5E982 /* libPods-YBTool.a in Frameworks */,
			);
			runOnlyForDeploymentPostprocessing = 0;
		};
/* End PBXFrameworksBuildPhase section */

/* Begin PBXGroup section */
		4C79D6FAE12A3508527E9F84 /* Pods */ = {
			isa = PBXGroup;
			children = (
				4B54A85050006EDB2CF17BF5 /* Pods-YBTool.debug.xcconfig */,
				2024053D51FD2E6B66E6480A /* Pods-YBTool.release.xcconfig */,
			);
			name = Pods;
			sourceTree = "<group>";
		};
		9D4EACC1A3A62EC5677B43E4 /* Frameworks */ = {
			isa = PBXGroup;
			children = (
				EA6E8721207F659800EAADED /* AdSupport.framework */,
				EA6E871F207F658D00EAADED /* Foundation.framework */,
				EA6E871D207F658600EAADED /* UIKit.framework */,
				6403E9E0A1566F03BAC53098 /* libPods-YBTool.a */,
			);
			name = Frameworks;
			sourceTree = "<group>";
		};
		EA6E86A5207F62FC00EAADED = {
			isa = PBXGroup;
			children = (
				EA6E86B0207F62FC00EAADED /* YBTool */,
				EA6E86AF207F62FC00EAADED /* Products */,
				4C79D6FAE12A3508527E9F84 /* Pods */,
				9D4EACC1A3A62EC5677B43E4 /* Frameworks */,
			);
			sourceTree = "<group>";
		};
		EA6E86AF207F62FC00EAADED /* Products */ = {
			isa = PBXGroup;
			children = (
				EA6E86AE207F62FC00EAADED /* YBTool.app */,
			);
			name = Products;
			sourceTree = "<group>";
		};
		EA6E86B0207F62FC00EAADED /* YBTool */ = {
			isa = PBXGroup;
			children = (
				EA6E86C7207F63DA00EAADED /* Class */,
				EA6E86B1207F62FC00EAADED /* AppDelegate.h */,
				EA6E86B2207F62FC00EAADED /* AppDelegate.m */,
				EA6E86B4207F62FC00EAADED /* ViewController.h */,
				EA6E86B5207F62FC00EAADED /* ViewController.m */,
				EA6E86B7207F62FC00EAADED /* Main.storyboard */,
				EA6E86BA207F62FE00EAADED /* Assets.xcassets */,
				EA6E86BC207F62FE00EAADED /* LaunchScreen.storyboard */,
				EA6E86BF207F62FE00EAADED /* Info.plist */,
				EA6E86C0207F62FE00EAADED /* main.m */,
			);
			path = YBTool;
			sourceTree = "<group>";
		};
		EA6E86C7207F63DA00EAADED /* Class */ = {
			isa = PBXGroup;
			children = (
				EA8DF5112080439800486F41 /* Commons */,
				EA8DF5332080516100486F41 /* NSNumber */,
				EA8DF52920804B1700486F41 /* NSArray */,
				EA8DF52520804ACA00486F41 /* NSError */,
				EA8DF52120804A8400486F41 /* NSDate */,
				EA8DF51C2080497500486F41 /* NSURL */,
				EA8DF5372080519F00486F41 /* NSDictionary */,
				EA8DF53B208052ED00486F41 /* NSFileManager */,
				EA8DF53F20805A5F00486F41 /* NSUserDefaults */,
				EA8DF51A2080445A00486F41 /* UITextView */,
				EA8DF51B2080446D00486F41 /* UIAlertView */,
				EA8DF5192080443F00486F41 /* UIScrollView */,
				EA8DF5182080442B00486F41 /* UINavigationBar */,
				EA8DF5172080441C00486F41 /* UILabel */,
				EA8DF5162080440A00486F41 /* UIImageView */,
				EA8DF5152080440100486F41 /* UIFont */,
				EA8DF514208043F300486F41 /* UIButton */,
				EA8DF513208043E700486F41 /* NSString */,
				EA8DF512208043D900486F41 /* NSData */,
				EA6E8766207F8DB900EAADED /* ThreadMethod */,
				EA6E8765207F8CCB00EAADED /* NSObject */,
				EA6E8764207F8C9B00EAADED /* UIViewController */,
				EA6E8760207F8BDC00EAADED /* UIApplication */,
				EA6E875C207F8A3000EAADED /* UIWindow */,
				EA6E8758207F89D400EAADED /* UIDevice */,
				EA6E8751207F851200EAADED /* UIImage */,
				EA6E8750207F845800EAADED /* UIColor */,
				EA6E8749207F818300EAADED /* UIView */,
				EA6E86CA207F63DA00EAADED /* DatePickerView */,
				EA6E86ED207F63DA00EAADED /* VideoCompressTools */,
				EA6E86F6207F63DA00EAADED /* YBPopupMenu */,
				EA6E8748207F7E8400EAADED /* YBToolMacro.h */,
				EA6E86FF207F63DA00EAADED /* YBTool.h */,
			);
			path = Class;
			sourceTree = "<group>";
		};
		EA6E86CA207F63DA00EAADED /* DatePickerView */ = {
			isa = PBXGroup;
			children = (
				EA6E86CB207F63DA00EAADED /* BasePickerView.h */,
				EA6E86CC207F63DA00EAADED /* BasePickerView.m */,
				EA6E86CD207F63DA00EAADED /* DatePickerView.h */,
				EA6E86CE207F63DA00EAADED /* DatePickerView.m */,
			);
			path = DatePickerView;
			sourceTree = "<group>";
		};
		EA6E86ED207F63DA00EAADED /* VideoCompressTools */ = {
			isa = PBXGroup;
			children = (
				EA6E86EE207F63DA00EAADED /* VideoCompressTools.h */,
				EA6E86EF207F63DA00EAADED /* VideoCompressTools.m */,
			);
			path = VideoCompressTools;
			sourceTree = "<group>";
		};
		EA6E86F6207F63DA00EAADED /* YBPopupMenu */ = {
			isa = PBXGroup;
			children = (
				EA6E86F7207F63DA00EAADED /* YBPopupMenu.h */,
				EA6E86F8207F63DA00EAADED /* YBPopupMenu.m */,
				EA6E86F9207F63DA00EAADED /* YBPopupMenuPath.h */,
				EA6E86FA207F63DA00EAADED /* YBPopupMenuPath.m */,
				EA6E86FB207F63DA00EAADED /* YBRectConst.h */,
				EA6E86FC207F63DA00EAADED /* YBRectConst.m */,
			);
			path = YBPopupMenu;
			sourceTree = "<group>";
		};
		EA6E8749207F818300EAADED /* UIView */ = {
			isa = PBXGroup;
			children = (
				EA6E86E7207F63DA00EAADED /* UIView+EmptyView.h */,
				EA6E86E8207F63DA00EAADED /* UIView+EmptyView.m */,
				EA6E86E9207F63DA00EAADED /* UIView+YBTool.h */,
				EA6E86EA207F63DA00EAADED /* UIView+YBTool.m */,
				EA6E874D207F836300EAADED /* UIView+YBEvent.h */,
				EA6E874E207F836300EAADED /* UIView+YBEvent.m */,
			);
			path = UIView;
			sourceTree = "<group>";
		};
		EA6E8750207F845800EAADED /* UIColor */ = {
			isa = PBXGroup;
			children = (
				EA6E86D7207F63DA00EAADED /* UIColor+YBTool.h */,
				EA6E86D8207F63DA00EAADED /* UIColor+YBTool.m */,
			);
			path = UIColor;
			sourceTree = "<group>";
		};
		EA6E8751207F851200EAADED /* UIImage */ = {
			isa = PBXGroup;
			children = (
				EA6E8756207F88CB00EAADED /* UIImage+Code.h */,
				EA6E8755207F88CB00EAADED /* UIImage+Code.m */,
				EA6E86DB207F63DA00EAADED /* UIImage+YBTool.h */,
				EA6E86DC207F63DA00EAADED /* UIImage+YBTool.m */,
			);
			path = UIImage;
			sourceTree = "<group>";
		};
		EA6E8758207F89D400EAADED /* UIDevice */ = {
			isa = PBXGroup;
			children = (
				EA6E8759207F89F500EAADED /* UIDevice+YBTool.h */,
				EA6E875A207F89F500EAADED /* UIDevice+YBTool.m */,
			);
			path = UIDevice;
			sourceTree = "<group>";
		};
		EA6E875C207F8A3000EAADED /* UIWindow */ = {
			isa = PBXGroup;
			children = (
				EA6E875D207F8A4A00EAADED /* UIWindow+YBTool.h */,
				EA6E875E207F8A4A00EAADED /* UIWindow+YBTool.m */,
			);
			path = UIWindow;
			sourceTree = "<group>";
		};
		EA6E8760207F8BDC00EAADED /* UIApplication */ = {
			isa = PBXGroup;
			children = (
				EA6E8761207F8C0D00EAADED /* UIApplication+YBTool.h */,
				EA6E8762207F8C0D00EAADED /* UIApplication+YBTool.m */,
			);
			path = UIApplication;
			sourceTree = "<group>";
		};
		EA6E8764207F8C9B00EAADED /* UIViewController */ = {
			isa = PBXGroup;
			children = (
				EA6E86EB207F63DA00EAADED /* UIViewController+YBTool.h */,
				EA6E86EC207F63DA00EAADED /* UIViewController+YBTool.m */,
			);
			path = UIViewController;
			sourceTree = "<group>";
		};
		EA6E8765207F8CCB00EAADED /* NSObject */ = {
			isa = PBXGroup;
			children = (
				EA6E86D1207F63DA00EAADED /* NSObject+YBTool.h */,
				EA6E86D2207F63DA00EAADED /* NSObject+YBTool.m */,
			);
			path = NSObject;
			sourceTree = "<group>";
		};
		EA6E8766207F8DB900EAADED /* ThreadMethod */ = {
			isa = PBXGroup;
			children = (
				EA6E8767207F8DDC00EAADED /* YBThreadMethod.h */,
				EA6E8768207F8E0D00EAADED /* YBOnceRun.h */,
				EA6E8769207F8E0D00EAADED /* YBOnceRun.m */,
				EA6E876B207F8E5300EAADED /* YBDelayRun.h */,
				EA6E876C207F8E5300EAADED /* YBDelayRun.m */,
				EA6E876E207F8E7700EAADED /* YBAsyncRun.h */,
				EA6E876F207F8E7700EAADED /* YBAsyncRun.m */,
				EA6E8771207F8E8800EAADED /* YBMainThredRun.h */,
				EA6E8772207F8E8800EAADED /* YBMainThredRun.m */,
			);
			path = ThreadMethod;
			sourceTree = "<group>";
		};
		EA8DF5112080439800486F41 /* Commons */ = {
			isa = PBXGroup;
			children = (
				EA6E86C8207F63DA00EAADED /* ClearTheCacheTools.h */,
				EA6E86C9207F63DA00EAADED /* ClearTheCacheTools.m */,
				EA6E86F2207F63DA00EAADED /* YBCacheFileUtils.h */,
				EA6E86F3207F63DA00EAADED /* YBCacheFileUtils.m */,
				EA6E86F4207F63DA00EAADED /* YBKeyChain.h */,
				EA6E86F5207F63DA00EAADED /* YBKeyChain.m */,
				EA6E86FD207F63DA00EAADED /* YBRSA.h */,
				EA6E86FE207F63DA00EAADED /* YBRSA.m */,
				EA6E8700207F63DA00EAADED /* YBUtils.h */,
				EA6E8701207F63DA00EAADED /* YBUtils.m */,
			);
			path = Commons;
			sourceTree = "<group>";
		};
		EA8DF512208043D900486F41 /* NSData */ = {
			isa = PBXGroup;
			children = (
				EA6E86CF207F63DA00EAADED /* NSData+YBTool.h */,
				EA6E86D0207F63DA00EAADED /* NSData+YBTool.m */,
			);
			path = NSData;
			sourceTree = "<group>";
		};
		EA8DF513208043E700486F41 /* NSString */ = {
			isa = PBXGroup;
			children = (
				EA6E86D3207F63DA00EAADED /* NSString+YBTool.h */,
				EA6E86D4207F63DA00EAADED /* NSString+YBTool.m */,
			);
			path = NSString;
			sourceTree = "<group>";
		};
		EA8DF514208043F300486F41 /* UIButton */ = {
			isa = PBXGroup;
			children = (
				EA6E86D5207F63DA00EAADED /* UIButton+YBTool.h */,
				EA6E86D6207F63DA00EAADED /* UIButton+YBTool.m */,
			);
			path = UIButton;
			sourceTree = "<group>";
		};
		EA8DF5152080440100486F41 /* UIFont */ = {
			isa = PBXGroup;
			children = (
				EA6E86D9207F63DA00EAADED /* UIFont+YBTool.h */,
				EA6E86DA207F63DA00EAADED /* UIFont+YBTool.m */,
			);
			path = UIFont;
			sourceTree = "<group>";
		};
		EA8DF5162080440A00486F41 /* UIImageView */ = {
			isa = PBXGroup;
			children = (
				EA6E86DD207F63DA00EAADED /* UIImageView+YBTool.h */,
				EA6E86DE207F63DA00EAADED /* UIImageView+YBTool.m */,
			);
			path = UIImageView;
			sourceTree = "<group>";
		};
		EA8DF5172080441C00486F41 /* UILabel */ = {
			isa = PBXGroup;
			children = (
				EA6E86DF207F63DA00EAADED /* UILabel+YBTool.h */,
				EA6E86E0207F63DA00EAADED /* UILabel+YBTool.m */,
			);
			path = UILabel;
			sourceTree = "<group>";
		};
		EA8DF5182080442B00486F41 /* UINavigationBar */ = {
			isa = PBXGroup;
			children = (
				EA6E86E1207F63DA00EAADED /* UINavigationBar+YBTool.h */,
				EA6E86E2207F63DA00EAADED /* UINavigationBar+YBTool.m */,
			);
			path = UINavigationBar;
			sourceTree = "<group>";
		};
		EA8DF5192080443F00486F41 /* UIScrollView */ = {
			isa = PBXGroup;
			children = (
				EA6E86E3207F63DA00EAADED /* UIScrollView+YBTool.h */,
				EA6E86E4207F63DA00EAADED /* UIScrollView+YBTool.m */,
			);
			path = UIScrollView;
			sourceTree = "<group>";
		};
		EA8DF51A2080445A00486F41 /* UITextView */ = {
			isa = PBXGroup;
			children = (
				EA6E86E5207F63DA00EAADED /* UITextView+PlaceHolder.h */,
				EA6E86E6207F63DA00EAADED /* UITextView+PlaceHolder.m */,
			);
			path = UITextView;
			sourceTree = "<group>";
		};
		EA8DF51B2080446D00486F41 /* UIAlertView */ = {
			isa = PBXGroup;
			children = (
				EA6E86F0207F63DA00EAADED /* YBAlertView.h */,
				EA6E86F1207F63DA00EAADED /* YBAlertView.m */,
				EA6E8723207F6E8D00EAADED /* YBCustomAlertView.h */,
				EA6E8724207F6E8D00EAADED /* YBCustomAlertView.m */,
			);
			path = UIAlertView;
			sourceTree = "<group>";
		};
		EA8DF51C2080497500486F41 /* NSURL */ = {
			isa = PBXGroup;
			children = (
				EA8DF51D208049D500486F41 /* NSURL+YBTool.h */,
				EA8DF51E208049D500486F41 /* NSURL+YBTool.m */,
			);
			path = NSURL;
			sourceTree = "<group>";
		};
		EA8DF52120804A8400486F41 /* NSDate */ = {
			isa = PBXGroup;
			children = (
				EA8DF52220804A9C00486F41 /* NSDate+YBTool.h */,
				EA8DF52320804A9C00486F41 /* NSDate+YBTool.m */,
			);
			path = NSDate;
			sourceTree = "<group>";
		};
		EA8DF52520804ACA00486F41 /* NSError */ = {
			isa = PBXGroup;
			children = (
				EA8DF52620804ADF00486F41 /* NSError+YBTool.h */,
				EA8DF52720804ADF00486F41 /* NSError+YBTool.m */,
			);
			path = NSError;
			sourceTree = "<group>";
		};
		EA8DF52920804B1700486F41 /* NSArray */ = {
			isa = PBXGroup;
			children = (
				EA8DF52A20804B3800486F41 /* NSArray+YBLog.h */,
				EA8DF52B20804B3800486F41 /* NSArray+YBLog.m */,
				EA8DF52D20804B7200486F41 /* NSArray+YBTool.h */,
				EA8DF52E20804B7200486F41 /* NSArray+YBTool.m */,
				EA8DF53020804CBF00486F41 /* NSMutableArray+YBTool.h */,
				EA8DF53120804CBF00486F41 /* NSMutableArray+YBTool.m */,
			);
			path = NSArray;
			sourceTree = "<group>";
		};
		EA8DF5332080516100486F41 /* NSNumber */ = {
			isa = PBXGroup;
			children = (
				EA8DF5342080517100486F41 /* NSNumber+YBTool.h */,
				EA8DF5352080517100486F41 /* NSNumber+YBTool.m */,
			);
			path = NSNumber;
			sourceTree = "<group>";
		};
		EA8DF5372080519F00486F41 /* NSDictionary */ = {
			isa = PBXGroup;
			children = (
				EA8DF538208051B000486F41 /* NSDictionary+YBTool.h */,
				EA8DF539208051B000486F41 /* NSDictionary+YBTool.m */,
			);
			path = NSDictionary;
			sourceTree = "<group>";
		};
		EA8DF53B208052ED00486F41 /* NSFileManager */ = {
			isa = PBXGroup;
			children = (
				EA8DF53C2080530400486F41 /* NSFileManager+YBTool.h */,
				EA8DF53D2080530400486F41 /* NSFileManager+YBTool.m */,
			);
			path = NSFileManager;
			sourceTree = "<group>";
		};
		EA8DF53F20805A5F00486F41 /* NSUserDefaults */ = {
			isa = PBXGroup;
			children = (
				EA8DF5442080606700486F41 /* NSUserDefaults+YBTool.h */,
				EA8DF5432080606700486F41 /* NSUserDefaults+YBTool.m */,
			);
			path = NSUserDefaults;
			sourceTree = "<group>";
		};
/* End PBXGroup section */

/* Begin PBXNativeTarget section */
		EA6E86AD207F62FC00EAADED /* YBTool */ = {
			isa = PBXNativeTarget;
			buildConfigurationList = EA6E86C4207F62FE00EAADED /* Build configuration list for PBXNativeTarget "YBTool" */;
			buildPhases = (
				40DFD9CCB8100D06C881F7A7 /* [CP] Check Pods Manifest.lock */,
				EA6E86AA207F62FC00EAADED /* Sources */,
				EA6E86AB207F62FC00EAADED /* Frameworks */,
				EA6E86AC207F62FC00EAADED /* Resources */,
				24B31200DE4A421B3AFEFF4F /* [CP] Copy Pods Resources */,
			);
			buildRules = (
			);
			dependencies = (
			);
			name = YBTool;
			productName = YBTool;
			productReference = EA6E86AE207F62FC00EAADED /* YBTool.app */;
			productType = "com.apple.product-type.application";
		};
/* End PBXNativeTarget section */

/* Begin PBXProject section */
		EA6E86A6207F62FC00EAADED /* Project object */ = {
			isa = PBXProject;
			attributes = {
				CLASSPREFIX = YBTool;
				LastUpgradeCheck = 0930;
				ORGANIZATIONNAME = zbwx;
				TargetAttributes = {
					EA6E86AD207F62FC00EAADED = {
						CreatedOnToolsVersion = 9.3;
					};
				};
			};
			buildConfigurationList = EA6E86A9207F62FC00EAADED /* Build configuration list for PBXProject "YBTool" */;
			compatibilityVersion = "Xcode 9.3";
			developmentRegion = en;
			hasScannedForEncodings = 0;
			knownRegions = (
				en,
				Base,
			);
			mainGroup = EA6E86A5207F62FC00EAADED;
			productRefGroup = EA6E86AF207F62FC00EAADED /* Products */;
			projectDirPath = "";
			projectRoot = "";
			targets = (
				EA6E86AD207F62FC00EAADED /* YBTool */,
			);
		};
/* End PBXProject section */

/* Begin PBXResourcesBuildPhase section */
		EA6E86AC207F62FC00EAADED /* Resources */ = {
			isa = PBXResourcesBuildPhase;
			buildActionMask = 2147483647;
			files = (
				EA6E86BE207F62FE00EAADED /* LaunchScreen.storyboard in Resources */,
				EA6E86BB207F62FE00EAADED /* Assets.xcassets in Resources */,
				EA6E86B9207F62FC00EAADED /* Main.storyboard in Resources */,
			);
			runOnlyForDeploymentPostprocessing = 0;
		};
/* End PBXResourcesBuildPhase section */

/* Begin PBXShellScriptBuildPhase section */
		24B31200DE4A421B3AFEFF4F /* [CP] Copy Pods Resources */ = {
			isa = PBXShellScriptBuildPhase;
			buildActionMask = 2147483647;
			files = (
			);
			inputPaths = (
				"${SRCROOT}/Pods/Target Support Files/Pods-YBTool/Pods-YBTool-resources.sh",
				"${PODS_ROOT}/MJRefresh/MJRefresh/MJRefresh.bundle",
			);
			name = "[CP] Copy Pods Resources";
			outputPaths = (
				"${TARGET_BUILD_DIR}/${UNLOCALIZED_RESOURCES_FOLDER_PATH}/MJRefresh.bundle",
			);
			runOnlyForDeploymentPostprocessing = 0;
			shellPath = /bin/sh;
			shellScript = "\"${SRCROOT}/Pods/Target Support Files/Pods-YBTool/Pods-YBTool-resources.sh\"\n";
			showEnvVarsInLog = 0;
		};
		40DFD9CCB8100D06C881F7A7 /* [CP] Check Pods Manifest.lock */ = {
			isa = PBXShellScriptBuildPhase;
			buildActionMask = 2147483647;
			files = (
			);
			inputPaths = (
				"${PODS_PODFILE_DIR_PATH}/Podfile.lock",
				"${PODS_ROOT}/Manifest.lock",
			);
			name = "[CP] Check Pods Manifest.lock";
			outputPaths = (
				"$(DERIVED_FILE_DIR)/Pods-YBTool-checkManifestLockResult.txt",
			);
			runOnlyForDeploymentPostprocessing = 0;
			shellPath = /bin/sh;
			shellScript = "diff \"${PODS_PODFILE_DIR_PATH}/Podfile.lock\" \"${PODS_ROOT}/Manifest.lock\" > /dev/null\nif [ $? != 0 ] ; then\n    # print error to STDERR\n    echo \"error: The sandbox is not in sync with the Podfile.lock. Run 'pod install' or update your CocoaPods installation.\" >&2\n    exit 1\nfi\n# This output is used by Xcode 'outputs' to avoid re-running this script phase.\necho \"SUCCESS\" > \"${SCRIPT_OUTPUT_FILE_0}\"\n";
			showEnvVarsInLog = 0;
		};
/* End PBXShellScriptBuildPhase section */

/* Begin PBXSourcesBuildPhase section */
		EA6E86AA207F62FC00EAADED /* Sources */ = {
			isa = PBXSourcesBuildPhase;
			buildActionMask = 2147483647;
			files = (
				EA6E875F207F8A4A00EAADED /* UIWindow+YBTool.m in Sources */,
				EA6E871A207F63DB00EAADED /* YBRectConst.m in Sources */,
				EA6E8706207F63DB00EAADED /* NSObject+YBTool.m in Sources */,
				EA6E8710207F63DB00EAADED /* UITextView+PlaceHolder.m in Sources */,
				EA8DF5452080606700486F41 /* NSUserDefaults+YBTool.m in Sources */,
				EA6E8725207F6E8D00EAADED /* YBCustomAlertView.m in Sources */,
				EA6E8715207F63DB00EAADED /* YBAlertView.m in Sources */,
				EA8DF53220804CBF00486F41 /* NSMutableArray+YBTool.m in Sources */,
				EA6E8705207F63DB00EAADED /* NSData+YBTool.m in Sources */,
				EA6E8702207F63DB00EAADED /* ClearTheCacheTools.m in Sources */,
				EA6E870D207F63DB00EAADED /* UILabel+YBTool.m in Sources */,
				EA6E870A207F63DB00EAADED /* UIFont+YBTool.m in Sources */,
				EA8DF53A208051B000486F41 /* NSDictionary+YBTool.m in Sources */,
				EA6E876A207F8E0D00EAADED /* YBOnceRun.m in Sources */,
				EA6E8707207F63DB00EAADED /* NSString+YBTool.m in Sources */,
				EA8DF52F20804B7200486F41 /* NSArray+YBTool.m in Sources */,
				EA6E8717207F63DB00EAADED /* YBKeyChain.m in Sources */,
				EA6E8703207F63DB00EAADED /* BasePickerView.m in Sources */,
				EA8DF5362080517100486F41 /* NSNumber+YBTool.m in Sources */,
				EA6E874F207F836300EAADED /* UIView+YBEvent.m in Sources */,
				EA6E8773207F8E8800EAADED /* YBMainThredRun.m in Sources */,
				EA6E870F207F63DB00EAADED /* UIScrollView+YBTool.m in Sources */,
				EA6E8704207F63DB00EAADED /* DatePickerView.m in Sources */,
				EA6E8770207F8E7700EAADED /* YBAsyncRun.m in Sources */,
				EA8DF52420804A9C00486F41 /* NSDate+YBTool.m in Sources */,
				EA6E86B6207F62FC00EAADED /* ViewController.m in Sources */,
				EA6E8713207F63DB00EAADED /* UIViewController+YBTool.m in Sources */,
				EA6E86C1207F62FE00EAADED /* main.m in Sources */,
				EA6E870E207F63DB00EAADED /* UINavigationBar+YBTool.m in Sources */,
				EA6E870C207F63DB00EAADED /* UIImageView+YBTool.m in Sources */,
				EA6E8714207F63DB00EAADED /* VideoCompressTools.m in Sources */,
				EA6E8709207F63DB00EAADED /* UIColor+YBTool.m in Sources */,
				EA8DF53E2080530400486F41 /* NSFileManager+YBTool.m in Sources */,
				EA6E8763207F8C0D00EAADED /* UIApplication+YBTool.m in Sources */,
				EA6E875B207F89F500EAADED /* UIDevice+YBTool.m in Sources */,
				EA6E8712207F63DB00EAADED /* UIView+YBTool.m in Sources */,
				EA6E870B207F63DB00EAADED /* UIImage+YBTool.m in Sources */,
				EA6E8708207F63DB00EAADED /* UIButton+YBTool.m in Sources */,
				EA6E8716207F63DB00EAADED /* YBCacheFileUtils.m in Sources */,
				EA6E86B3207F62FC00EAADED /* AppDelegate.m in Sources */,
				EA6E8718207F63DB00EAADED /* YBPopupMenu.m in Sources */,
				EA6E876D207F8E5300EAADED /* YBDelayRun.m in Sources */,
				EA6E871C207F63DB00EAADED /* YBUtils.m in Sources */,
				EA6E8719207F63DB00EAADED /* YBPopupMenuPath.m in Sources */,
				EA8DF51F208049D500486F41 /* NSURL+YBTool.m in Sources */,
				EA6E871B207F63DB00EAADED /* YBRSA.m in Sources */,
				EA8DF52820804ADF00486F41 /* NSError+YBTool.m in Sources */,
				EA6E8757207F88CB00EAADED /* UIImage+Code.m in Sources */,
				EA8DF52C20804B3800486F41 /* NSArray+YBLog.m in Sources */,
				EA6E8711207F63DB00EAADED /* UIView+EmptyView.m in Sources */,
			);
			runOnlyForDeploymentPostprocessing = 0;
		};
/* End PBXSourcesBuildPhase section */

/* Begin PBXVariantGroup section */
		EA6E86B7207F62FC00EAADED /* Main.storyboard */ = {
			isa = PBXVariantGroup;
			children = (
				EA6E86B8207F62FC00EAADED /* Base */,
			);
			name = Main.storyboard;
			sourceTree = "<group>";
		};
		EA6E86BC207F62FE00EAADED /* LaunchScreen.storyboard */ = {
			isa = PBXVariantGroup;
			children = (
				EA6E86BD207F62FE00EAADED /* Base */,
			);
			name = LaunchScreen.storyboard;
			sourceTree = "<group>";
		};
/* End PBXVariantGroup section */

/* Begin XCBuildConfiguration section */
		EA6E86C2207F62FE00EAADED /* Debug */ = {
			isa = XCBuildConfiguration;
			buildSettings = {
				ALWAYS_SEARCH_USER_PATHS = NO;
				CLANG_ANALYZER_NONNULL = YES;
				CLANG_ANALYZER_NUMBER_OBJECT_CONVERSION = YES_AGGRESSIVE;
				CLANG_CXX_LANGUAGE_STANDARD = "gnu++14";
				CLANG_CXX_LIBRARY = "libc++";
				CLANG_ENABLE_MODULES = YES;
				CLANG_ENABLE_OBJC_ARC = YES;
				CLANG_ENABLE_OBJC_WEAK = YES;
				CLANG_WARN_BLOCK_CAPTURE_AUTORELEASING = YES;
				CLANG_WARN_BOOL_CONVERSION = YES;
				CLANG_WARN_COMMA = YES;
				CLANG_WARN_CONSTANT_CONVERSION = YES;
				CLANG_WARN_DEPRECATED_OBJC_IMPLEMENTATIONS = YES;
				CLANG_WARN_DIRECT_OBJC_ISA_USAGE = YES_ERROR;
				CLANG_WARN_DOCUMENTATION_COMMENTS = YES;
				CLANG_WARN_EMPTY_BODY = YES;
				CLANG_WARN_ENUM_CONVERSION = YES;
				CLANG_WARN_INFINITE_RECURSION = YES;
				CLANG_WARN_INT_CONVERSION = YES;
				CLANG_WARN_NON_LITERAL_NULL_CONVERSION = YES;
				CLANG_WARN_OBJC_IMPLICIT_RETAIN_SELF = YES;
				CLANG_WARN_OBJC_LITERAL_CONVERSION = YES;
				CLANG_WARN_OBJC_ROOT_CLASS = YES_ERROR;
				CLANG_WARN_RANGE_LOOP_ANALYSIS = YES;
				CLANG_WARN_STRICT_PROTOTYPES = YES;
				CLANG_WARN_SUSPICIOUS_MOVE = YES;
				CLANG_WARN_UNGUARDED_AVAILABILITY = YES_AGGRESSIVE;
				CLANG_WARN_UNREACHABLE_CODE = YES;
				CLANG_WARN__DUPLICATE_METHOD_MATCH = YES;
				CODE_SIGN_IDENTITY = "iPhone Developer";
				COPY_PHASE_STRIP = NO;
				DEBUG_INFORMATION_FORMAT = dwarf;
				ENABLE_STRICT_OBJC_MSGSEND = YES;
				ENABLE_TESTABILITY = YES;
				GCC_C_LANGUAGE_STANDARD = gnu11;
				GCC_DYNAMIC_NO_PIC = NO;
				GCC_NO_COMMON_BLOCKS = YES;
				GCC_OPTIMIZATION_LEVEL = 0;
				GCC_PREPROCESSOR_DEFINITIONS = (
					"DEBUG=1",
					"$(inherited)",
				);
				GCC_WARN_64_TO_32_BIT_CONVERSION = YES;
				GCC_WARN_ABOUT_RETURN_TYPE = YES_ERROR;
				GCC_WARN_UNDECLARED_SELECTOR = YES;
				GCC_WARN_UNINITIALIZED_AUTOS = YES_AGGRESSIVE;
				GCC_WARN_UNUSED_FUNCTION = YES;
				GCC_WARN_UNUSED_VARIABLE = YES;
				IPHONEOS_DEPLOYMENT_TARGET = 11.3;
				MTL_ENABLE_DEBUG_INFO = YES;
				ONLY_ACTIVE_ARCH = YES;
				SDKROOT = iphoneos;
			};
			name = Debug;
		};
		EA6E86C3207F62FE00EAADED /* Release */ = {
			isa = XCBuildConfiguration;
			buildSettings = {
				ALWAYS_SEARCH_USER_PATHS = NO;
				CLANG_ANALYZER_NONNULL = YES;
				CLANG_ANALYZER_NUMBER_OBJECT_CONVERSION = YES_AGGRESSIVE;
				CLANG_CXX_LANGUAGE_STANDARD = "gnu++14";
				CLANG_CXX_LIBRARY = "libc++";
				CLANG_ENABLE_MODULES = YES;
				CLANG_ENABLE_OBJC_ARC = YES;
				CLANG_ENABLE_OBJC_WEAK = YES;
				CLANG_WARN_BLOCK_CAPTURE_AUTORELEASING = YES;
				CLANG_WARN_BOOL_CONVERSION = YES;
				CLANG_WARN_COMMA = YES;
				CLANG_WARN_CONSTANT_CONVERSION = YES;
				CLANG_WARN_DEPRECATED_OBJC_IMPLEMENTATIONS = YES;
				CLANG_WARN_DIRECT_OBJC_ISA_USAGE = YES_ERROR;
				CLANG_WARN_DOCUMENTATION_COMMENTS = YES;
				CLANG_WARN_EMPTY_BODY = YES;
				CLANG_WARN_ENUM_CONVERSION = YES;
				CLANG_WARN_INFINITE_RECURSION = YES;
				CLANG_WARN_INT_CONVERSION = YES;
				CLANG_WARN_NON_LITERAL_NULL_CONVERSION = YES;
				CLANG_WARN_OBJC_IMPLICIT_RETAIN_SELF = YES;
				CLANG_WARN_OBJC_LITERAL_CONVERSION = YES;
				CLANG_WARN_OBJC_ROOT_CLASS = YES_ERROR;
				CLANG_WARN_RANGE_LOOP_ANALYSIS = YES;
				CLANG_WARN_STRICT_PROTOTYPES = YES;
				CLANG_WARN_SUSPICIOUS_MOVE = YES;
				CLANG_WARN_UNGUARDED_AVAILABILITY = YES_AGGRESSIVE;
				CLANG_WARN_UNREACHABLE_CODE = YES;
				CLANG_WARN__DUPLICATE_METHOD_MATCH = YES;
				CODE_SIGN_IDENTITY = "iPhone Developer";
				COPY_PHASE_STRIP = NO;
				DEBUG_INFORMATION_FORMAT = "dwarf-with-dsym";
				ENABLE_NS_ASSERTIONS = NO;
				ENABLE_STRICT_OBJC_MSGSEND = YES;
				GCC_C_LANGUAGE_STANDARD = gnu11;
				GCC_NO_COMMON_BLOCKS = YES;
				GCC_WARN_64_TO_32_BIT_CONVERSION = YES;
				GCC_WARN_ABOUT_RETURN_TYPE = YES_ERROR;
				GCC_WARN_UNDECLARED_SELECTOR = YES;
				GCC_WARN_UNINITIALIZED_AUTOS = YES_AGGRESSIVE;
				GCC_WARN_UNUSED_FUNCTION = YES;
				GCC_WARN_UNUSED_VARIABLE = YES;
				IPHONEOS_DEPLOYMENT_TARGET = 11.3;
				MTL_ENABLE_DEBUG_INFO = NO;
				SDKROOT = iphoneos;
				VALIDATE_PRODUCT = YES;
			};
			name = Release;
		};
		EA6E86C5207F62FE00EAADED /* Debug */ = {
			isa = XCBuildConfiguration;
			baseConfigurationReference = 4B54A85050006EDB2CF17BF5 /* Pods-YBTool.debug.xcconfig */;
			buildSettings = {
				ASSETCATALOG_COMPILER_APPICON_NAME = AppIcon;
				CODE_SIGN_STYLE = Automatic;
				HEADER_SEARCH_PATHS = (
					"$(inherited)",
					"\"${PODS_ROOT}/Headers/Public\"",
					"\"${PODS_ROOT}/Headers/Public/BlocksKit\"",
					"\"${PODS_ROOT}/Headers/Public/FDFullscreenPopGesture\"",
					"\"${PODS_ROOT}/Headers/Public/MBProgressHUD\"",
					"\"${PODS_ROOT}/Headers/Public/MJExtension\"",
					"\"${PODS_ROOT}/Headers/Public/MJRefresh\"",
					"\"${PODS_ROOT}/Headers/Public/Masonry\"",
					"\"${PODS_ROOT}/Headers/Public/SDWebImage\"",
					"\"${PODS_ROOT}/Headers/Public/YBTool\"",
				);
				INFOPLIST_FILE = YBTool/Info.plist;
				IPHONEOS_DEPLOYMENT_TARGET = 8.0;
				LD_RUNPATH_SEARCH_PATHS = (
					"$(inherited)",
					"@executable_path/Frameworks",
				);
				PRODUCT_BUNDLE_IDENTIFIER = com.ZBWX.YBTool;
				PRODUCT_NAME = "$(TARGET_NAME)";
				TARGETED_DEVICE_FAMILY = "1,2";
			};
			name = Debug;
		};
		EA6E86C6207F62FE00EAADED /* Release */ = {
			isa = XCBuildConfiguration;
			baseConfigurationReference = 2024053D51FD2E6B66E6480A /* Pods-YBTool.release.xcconfig */;
			buildSettings = {
				ASSETCATALOG_COMPILER_APPICON_NAME = AppIcon;
				CODE_SIGN_STYLE = Automatic;
				HEADER_SEARCH_PATHS = (
					"$(inherited)",
					"\"${PODS_ROOT}/Headers/Public\"",
					"\"${PODS_ROOT}/Headers/Public/BlocksKit\"",
					"\"${PODS_ROOT}/Headers/Public/FDFullscreenPopGesture\"",
					"\"${PODS_ROOT}/Headers/Public/MBProgressHUD\"",
					"\"${PODS_ROOT}/Headers/Public/MJExtension\"",
					"\"${PODS_ROOT}/Headers/Public/MJRefresh\"",
					"\"${PODS_ROOT}/Headers/Public/Masonry\"",
					"\"${PODS_ROOT}/Headers/Public/SDWebImage\"",
					"\"${PODS_ROOT}/Headers/Public/YBTool\"",
				);
				INFOPLIST_FILE = YBTool/Info.plist;
				IPHONEOS_DEPLOYMENT_TARGET = 8.0;
				LD_RUNPATH_SEARCH_PATHS = (
					"$(inherited)",
					"@executable_path/Frameworks",
				);
				PRODUCT_BUNDLE_IDENTIFIER = com.ZBWX.YBTool;
				PRODUCT_NAME = "$(TARGET_NAME)";
				TARGETED_DEVICE_FAMILY = "1,2";
			};
			name = Release;
		};
/* End XCBuildConfiguration section */

/* Begin XCConfigurationList section */
		EA6E86A9207F62FC00EAADED /* Build configuration list for PBXProject "YBTool" */ = {
			isa = XCConfigurationList;
			buildConfigurations = (
				EA6E86C2207F62FE00EAADED /* Debug */,
				EA6E86C3207F62FE00EAADED /* Release */,
			);
			defaultConfigurationIsVisible = 0;
			defaultConfigurationName = Release;
		};
		EA6E86C4207F62FE00EAADED /* Build configuration list for PBXNativeTarget "YBTool" */ = {
			isa = XCConfigurationList;
			buildConfigurations = (
				EA6E86C5207F62FE00EAADED /* Debug */,
				EA6E86C6207F62FE00EAADED /* Release */,
			);
			defaultConfigurationIsVisible = 0;
			defaultConfigurationName = Release;
		};
/* End XCConfigurationList section */
	};
	rootObject = EA6E86A6207F62FC00EAADED /* Project object */;
}
